github.com/aws/aws-lambda-go v1.42.0 h1:U4QKkxLp/il15RJGAANxiT9VumQzimsUER7gokqA0+c=
github.com/aws/aws-lambda-go v1.42.0/go.mod h1:dpMpZgvWx5vuQJfBt0zqBha60q7Dd7RfgJv23DymV8A=
github.com/aws/aws-sdk-go-v2 v1.24.0 h1:890+mqQ+hTpNuw0gGP6/4akolQkSToDJgHfQE7AwGuk=
github.com/aws/aws-sdk-go-v2 v1.24.0/go.mod h1:LNh45Br1YAkEKaAqvmE1m8FUx6a5b/V0oAKV7of29b4=
github.com/aws/aws-sdk-go-v2/internal/configsources v1.2.9 h1:v+HbZaCGmOwnTTVS86Fleq0vPzOd7tnJGbFhP0stNLs=
github.com/aws/aws-sdk-go-v2/internal/configsources v1.2.9/go.mod h1:Xjqy+Nyj7VDLBtCMkQYOw1QYfAEZCVLrfI0ezve8wd4=
github.com/aws/aws-sdk-go-v2/internal/endpoints/v2 v2.5.9 h1:N94sVhRACtXyVcjXxrwK1SKFIJrA9pOJ5yu2eSHnmls=
github.com/aws/aws-sdk-go-v2/internal/endpoints/v2 v2.5.9/go.mod h1:hqamLz7g1/4EJP+GH5NBhcUMLjW+gKLQabgyz6/7WAU=
github.com/aws/aws-sdk-go-v2/service/sns v1.26.5 h1:umyC9zH/A1w8AXrrG7iMxT4Rfgj80FjfvLannWt5vuE=
github.com/aws/aws-sdk-go-v2/service/sns v1.26.5/go.mod h1:IrcbquqMupzndZ20BXxDxjM7XenTRhbwBOetk4+Z5oc=
github.com/aws/smithy-go v1.19.0 h1:KWFKQV80DpP3vJrrA9sVAHQ5gc2z8i4EzrLhLlWXcBM=
github.com/aws/smithy-go v1.19.0/go.mod h1:NukqUGpCZIILqqiV0NIjeFh24kd/FAa4beRb6nbIUPE=
github.com/davecgh/go-spew v1.1.1 h1:vj9j/u1bqnvCEfJOwUhtlOARqs3+rkHYY13jYWTU97c=
github.com/google/go-cmp v0.5.8 h1:e6P7q2lk1O+qJJb4BtCQXlK8vWEO8V1ZeuEdJNOqZyg=
github.com/pmezard/go-difflib v1.0.0 h1:4DBwDE0NGyQoBHbLQYPwSUPoCMWR5BEzIk/f1lZbAQM=
github.com/stretchr/testify v1.7.2 h1:4jaiDzPyXQvSd7D0EjG45355tLlV3VOECpq10pLC+8s=
gopkg.in/yaml.v3 v3.0.1 h1:fxVm/GzAzEWqLHuvctI91KS9hhNmmWOoWu0XTYJS7CA=
